
Microsoft Visual Studio Solution File, Format Version 12.00
# Visual Studio Version 17
VisualStudioVersion = 17.9.34728.123
MinimumVisualStudioVersion = 10.0.40219.1
Project("{FAE04EC0-301F-11D3-BF4B-00C04F79EFBC}") = "PP1-SR3-Vistor-Registration-System", "PP1-SR3-Vistor-Registration-System\PP1-SR3-Vistor-Registration-System.csproj", "{8F4474A6-5010-49BC-AA0C-9FFEE57DD083}"
EndProject
Global
	GlobalSection(SolutionConfigurationPlatforms) = preSolution
		Debug|Any CPU = Debug|Any CPU
		Release|Any CPU = Release|Any CPU
	EndGlobalSection
	GlobalSection(ProjectConfigurationPlatforms) = postSolution
		{8F4474A6-5010-49BC-AA0C-9FFEE57DD083}.Debug|Any CPU.ActiveCfg = Debug|Any CPU
		{8F4474A6-5010-49BC-AA0C-9FFEE57DD083}.Debug|Any CPU.Build.0 = Debug|Any CPU
		{8F4474A6-5010-49BC-AA0C-9FFEE57DD083}.Release|Any CPU.ActiveCfg = Release|Any CPU
		{8F4474A6-5010-49BC-AA0C-9FFEE57DD083}.Release|Any CPU.Build.0 = Release|Any CPU
	EndGlobalSection
	GlobalSection(SolutionProperties) = preSolution
		HideSolutionNode = FALSE
	EndGlobalSection
	GlobalSection(ExtensibilityGlobals) = postSolution
		SolutionGuid = {43B6A49F-6F61-4C96-88F5-2EA324453315}
	EndGlobalSection
EndGlobal
